// !$*UTF8*$!
{
	archiveVersion = 1;
	classes = {
	};
	objectVersion = 56;
	objects = {

/* Begin PBXBuildFile section */
		CE57FA772C594042003E397B /* LocationManager.swift in Sources */ = {isa = PBXBuildFile; fileRef = CE57FA762C594032003E397B /* LocationManager.swift */; };
		CE57FA7B2C5EACCD003E397B /* GoogleService-Info.plist in Resources */ = {isa = PBXBuildFile; fileRef = CE57FA7A2C5EACCD003E397B /* GoogleService-Info.plist */; };
		CE57FA7E2C5EAD6B003E397B /* FirebaseAuth in Frameworks */ = {isa = PBXBuildFile; productRef = CE57FA7D2C5EAD6B003E397B /* FirebaseAuth */; };
		CE57FA802C5EAD6B003E397B /* FirebaseDatabase in Frameworks */ = {isa = PBXBuildFile; productRef = CE57FA7F2C5EAD6B003E397B /* FirebaseDatabase */; };
		CE57FA832C61A551003E397B /* FirebaseDatabase in Frameworks */ = {isa = PBXBuildFile; productRef = CE57FA822C61A551003E397B /* FirebaseDatabase */; };
		CE5B6B3E2C6984FA00F8D32D /* LocationApi.swift in Sources */ = {isa = PBXBuildFile; fileRef = CE5B6B3D2C6984EB00F8D32D /* LocationApi.swift */; };
		CEF5B6F82B2CF59F0045DA79 /* CaravanApp.swift in Sources */ = {isa = PBXBuildFile; fileRef = CEF5B6F72B2CF59F0045DA79 /* CaravanApp.swift */; };
		CEF5B6FA2B2CF59F0045DA79 /* ContentView.swift in Sources */ = {isa = PBXBuildFile; fileRef = CEF5B6F92B2CF59F0045DA79 /* ContentView.swift */; };
		CEF5B6FC2B2CF59F0045DA79 /* Assets.xcassets in Resources */ = {isa = PBXBuildFile; fileRef = CEF5B6FB2B2CF59F0045DA79 /* Assets.xcassets */; };
		CEF5B6FF2B2CF5A00045DA79 /* Preview Assets.xcassets in Resources */ = {isa = PBXBuildFile; fileRef = CEF5B6FE2B2CF5A00045DA79 /* Preview Assets.xcassets */; };
		CEF5B70E2B2D261D0045DA79 /* ProfilePage.swift in Sources */ = {isa = PBXBuildFile; fileRef = CEF5B70D2B2D261D0045DA79 /* ProfilePage.swift */; };
		CEF5B7162B2FD9600045DA79 /* ProfileData.swift in Sources */ = {isa = PBXBuildFile; fileRef = CEF5B7152B2FD9600045DA79 /* ProfileData.swift */; };
		CEFBB3A72BB6630600938333 /* Groovy Beach Regular.ttf in Resources */ = {isa = PBXBuildFile; fileRef = CEFBB3A32BB6630600938333 /* Groovy Beach Regular.ttf */; };
		CEFBB3A82BB6630600938333 /* Readme!.txt in Resources */ = {isa = PBXBuildFile; fileRef = CEFBB3A42BB6630600938333 /* Readme!.txt */; };
		CEFBB3A92BB667B500938333 /* GroovyBeachExtrude.ttf in Resources */ = {isa = PBXBuildFile; fileRef = CEFBB3A22BB6630600938333 /* GroovyBeachExtrude.ttf */; };
/* End PBXBuildFile section */

/* Begin PBXFileReference section */
		CE4CDDC82B72994500BFFC66 /* BungeeShade-Regular.ttf */ = {isa = PBXFileReference; lastKnownFileType = file; name = "BungeeShade-Regular.ttf"; path = "../../../Branding/Bungee_Shade/BungeeShade-Regular.ttf"; sourceTree = "<group>"; };
		CE57FA762C594032003E397B /* LocationManager.swift */ = {isa = PBXFileReference; lastKnownFileType = sourcecode.swift; path = LocationManager.swift; sourceTree = "<group>"; };
		CE57FA7A2C5EACCD003E397B /* GoogleService-Info.plist */ = {isa = PBXFileReference; lastKnownFileType = text.plist.xml; path = "GoogleService-Info.plist"; sourceTree = "<group>"; };
		CE5B6B3D2C6984EB00F8D32D /* LocationApi.swift */ = {isa = PBXFileReference; lastKnownFileType = sourcecode.swift; path = LocationApi.swift; sourceTree = "<group>"; };
		CEF5B6F42B2CF59F0045DA79 /* Caravan.app */ = {isa = PBXFileReference; explicitFileType = wrapper.application; includeInIndex = 0; path = Caravan.app; sourceTree = BUILT_PRODUCTS_DIR; };
		CEF5B6F72B2CF59F0045DA79 /* CaravanApp.swift */ = {isa = PBXFileReference; lastKnownFileType = sourcecode.swift; path = CaravanApp.swift; sourceTree = "<group>"; };
		CEF5B6F92B2CF59F0045DA79 /* ContentView.swift */ = {isa = PBXFileReference; lastKnownFileType = sourcecode.swift; path = ContentView.swift; sourceTree = "<group>"; };
		CEF5B6FB2B2CF59F0045DA79 /* Assets.xcassets */ = {isa = PBXFileReference; lastKnownFileType = folder.assetcatalog; path = Assets.xcassets; sourceTree = "<group>"; };
		CEF5B6FE2B2CF5A00045DA79 /* Preview Assets.xcassets */ = {isa = PBXFileReference; lastKnownFileType = folder.assetcatalog; path = "Preview Assets.xcassets"; sourceTree = "<group>"; };
		CEF5B70C2B2D21DC0045DA79 /* Info.plist */ = {isa = PBXFileReference; lastKnownFileType = text.plist; path = Info.plist; sourceTree = "<group>"; };
		CEF5B70D2B2D261D0045DA79 /* ProfilePage.swift */ = {isa = PBXFileReference; lastKnownFileType = sourcecode.swift; path = ProfilePage.swift; sourceTree = "<group>"; };
		CEF5B7152B2FD9600045DA79 /* ProfileData.swift */ = {isa = PBXFileReference; lastKnownFileType = sourcecode.swift; path = ProfileData.swift; sourceTree = "<group>"; };
		CEFBB3A22BB6630600938333 /* GroovyBeachExtrude.ttf */ = {isa = PBXFileReference; lastKnownFileType = file; path = GroovyBeachExtrude.ttf; sourceTree = "<group>"; };
		CEFBB3A32BB6630600938333 /* Groovy Beach Regular.ttf */ = {isa = PBXFileReference; lastKnownFileType = file; path = "Groovy Beach Regular.ttf"; sourceTree = "<group>"; };
		CEFBB3A42BB6630600938333 /* Readme!.txt */ = {isa = PBXFileReference; fileEncoding = 4; lastKnownFileType = text; path = "Readme!.txt"; sourceTree = "<group>"; };
/* End PBXFileReference section */

/* Begin PBXFrameworksBuildPhase section */
		CEF5B6F12B2CF59F0045DA79 /* Frameworks */ = {
			isa = PBXFrameworksBuildPhase;
			buildActionMask = 2147483647;
			files = (
				CE57FA832C61A551003E397B /* FirebaseDatabase in Frameworks */,
				CE57FA802C5EAD6B003E397B /* FirebaseDatabase in Frameworks */,
				CE57FA7E2C5EAD6B003E397B /* FirebaseAuth in Frameworks */,
			);
			runOnlyForDeploymentPostprocessing = 0;
		};
/* End PBXFrameworksBuildPhase section */

/* Begin PBXGroup section */
		CEF5B6EB2B2CF59F0045DA79 = {
			isa = PBXGroup;
			children = (
				CEF5B6F62B2CF59F0045DA79 /* Caravan */,
				CEF5B6F52B2CF59F0045DA79 /* Products */,
				CE57FA7A2C5EACCD003E397B /* GoogleService-Info.plist */,
			);
			sourceTree = "<group>";
		};
		CEF5B6F52B2CF59F0045DA79 /* Products */ = {
			isa = PBXGroup;
			children = (
				CEF5B6F42B2CF59F0045DA79 /* Caravan.app */,
			);
			name = Products;
			sourceTree = "<group>";
		};
		CEF5B6F62B2CF59F0045DA79 /* Caravan */ = {
			isa = PBXGroup;
			children = (
				CE5B6B3D2C6984EB00F8D32D /* LocationApi.swift */,
				CE57FA762C594032003E397B /* LocationManager.swift */,
				CEF5B7122B2FD87B0045DA79 /* AssetFiles */,
				CEF5B7112B2FD85F0045DA79 /* UserData */,
				CEF5B70C2B2D21DC0045DA79 /* Info.plist */,
				CEF5B70D2B2D261D0045DA79 /* ProfilePage.swift */,
				CEF5B6F72B2CF59F0045DA79 /* CaravanApp.swift */,
				CEF5B6F92B2CF59F0045DA79 /* ContentView.swift */,
				CEF5B6FB2B2CF59F0045DA79 /* Assets.xcassets */,
				CEF5B6FD2B2CF5A00045DA79 /* Preview Content */,
			);
			path = Caravan;
			sourceTree = "<group>";
		};
		CEF5B6FD2B2CF5A00045DA79 /* Preview Content */ = {
			isa = PBXGroup;
			children = (
				CEF5B6FE2B2CF5A00045DA79 /* Preview Assets.xcassets */,
			);
			path = "Preview Content";
			sourceTree = "<group>";
		};
		CEF5B7112B2FD85F0045DA79 /* UserData */ = {
			isa = PBXGroup;
			children = (
				CEF5B7152B2FD9600045DA79 /* ProfileData.swift */,
			);
			path = UserData;
			sourceTree = "<group>";
		};
		CEF5B7122B2FD87B0045DA79 /* AssetFiles */ = {
			isa = PBXGroup;
			children = (
				CEFBB3A52BB6630600938333 /* groovy_beach */,
				CE4CDDC82B72994500BFFC66 /* BungeeShade-Regular.ttf */,
			);
			path = AssetFiles;
			sourceTree = "<group>";
		};
		CEFBB3A52BB6630600938333 /* groovy_beach */ = {
			isa = PBXGroup;
			children = (
				CEFBB3A22BB6630600938333 /* GroovyBeachExtrude.ttf */,
				CEFBB3A32BB6630600938333 /* Groovy Beach Regular.ttf */,
				CEFBB3A42BB6630600938333 /* Readme!.txt */,
			);
			path = groovy_beach;
			sourceTree = "<group>";
		};
/* End PBXGroup section */

/* Begin PBXNativeTarget section */
		CEF5B6F32B2CF59F0045DA79 /* Caravan */ = {
			isa = PBXNativeTarget;
			buildConfigurationList = CEF5B7022B2CF5A00045DA79 /* Build configuration list for PBXNativeTarget "Caravan" */;
			buildPhases = (
				CEF5B6F02B2CF59F0045DA79 /* Sources */,
				CEF5B6F12B2CF59F0045DA79 /* Frameworks */,
				CEF5B6F22B2CF59F0045DA79 /* Resources */,
			);
			buildRules = (
			);
			dependencies = (
			);
			name = Caravan;
			productName = Caravan;
			productReference = CEF5B6F42B2CF59F0045DA79 /* Caravan.app */;
			productType = "com.apple.product-type.application";
		};
/* End PBXNativeTarget section */

/* Begin PBXProject section */
		CEF5B6EC2B2CF59F0045DA79 /* Project object */ = {
			isa = PBXProject;
			attributes = {
				BuildIndependentTargetsInParallel = 1;
				LastSwiftUpdateCheck = 1510;
				LastUpgradeCheck = 1510;
				TargetAttributes = {
					CEF5B6F32B2CF59F0045DA79 = {
						CreatedOnToolsVersion = 15.1;
					};
				};
			};
			buildConfigurationList = CEF5B6EF2B2CF59F0045DA79 /* Build configuration list for PBXProject "Caravan" */;
			compatibilityVersion = "Xcode 14.0";
			developmentRegion = en;
			hasScannedForEncodings = 0;
			knownRegions = (
				en,
				Base,
			);
			mainGroup = CEF5B6EB2B2CF59F0045DA79;
			packageReferences = (
				CE57FA812C61A551003E397B /* XCRemoteSwiftPackageReference "firebase-ios-sdk" */,
			);
			productRefGroup = CEF5B6F52B2CF59F0045DA79 /* Products */;
			projectDirPath = "";
			projectRoot = "";
			targets = (
				CEF5B6F32B2CF59F0045DA79 /* Caravan */,
			);
		};
/* End PBXProject section */

/* Begin PBXResourcesBuildPhase section */
		CEF5B6F22B2CF59F0045DA79 /* Resources */ = {
			isa = PBXResourcesBuildPhase;
			buildActionMask = 2147483647;
			files = (
				CEFBB3A92BB667B500938333 /* GroovyBeachExtrude.ttf in Resources */,
				CEFBB3A82BB6630600938333 /* Readme!.txt in Resources */,
				CEF5B6FF2B2CF5A00045DA79 /* Preview Assets.xcassets in Resources */,
				CEFBB3A72BB6630600938333 /* Groovy Beach Regular.ttf in Resources */,
				CEF5B6FC2B2CF59F0045DA79 /* Assets.xcassets in Resources */,
				CE57FA7B2C5EACCD003E397B /* GoogleService-Info.plist in Resources */,
			);
			runOnlyForDeploymentPostprocessing = 0;
		};
/* End PBXResourcesBuildPhase section */

/* Begin PBXSourcesBuildPhase section */
		CEF5B6F02B2CF59F0045DA79 /* Sources */ = {
			isa = PBXSourcesBuildPhase;
			buildActionMask = 2147483647;
			files = (
				CEF5B70E2B2D261D0045DA79 /* ProfilePage.swift in Sources */,
				CEF5B6FA2B2CF59F0045DA79 /* ContentView.swift in Sources */,
				CE57FA772C594042003E397B /* LocationManager.swift in Sources */,
				CE5B6B3E2C6984FA00F8D32D /* LocationApi.swift in Sources */,
				CEF5B7162B2FD9600045DA79 /* ProfileData.swift in Sources */,
				CEF5B6F82B2CF59F0045DA79 /* CaravanApp.swift in Sources */,
			);
			runOnlyForDeploymentPostprocessing = 0;
		};
/* End PBXSourcesBuildPhase section */

/* Begin XCBuildConfiguration section */
		CEF5B7002B2CF5A00045DA79 /* Debug */ = {
			isa = XCBuildConfiguration;
			buildSettings = {
				ALWAYS_SEARCH_USER_PATHS = NO;
				ASSETCATALOG_COMPILER_GENERATE_SWIFT_ASSET_SYMBOL_EXTENSIONS = YES;
				CLANG_ANALYZER_NONNULL = YES;
				CLANG_ANALYZER_NUMBER_OBJECT_CONVERSION = YES_AGGRESSIVE;
				CLANG_CXX_LANGUAGE_STANDARD = "gnu++20";
				CLANG_ENABLE_MODULES = YES;
				CLANG_ENABLE_OBJC_ARC = YES;
				CLANG_ENABLE_OBJC_WEAK = YES;
				CLANG_WARN_BLOCK_CAPTURE_AUTORELEASING = YES;
				CLANG_WARN_BOOL_CONVERSION = YES;
				CLANG_WARN_COMMA = YES;
				CLANG_WARN_CONSTANT_CONVERSION = YES;
				CLANG_WARN_DEPRECATED_OBJC_IMPLEMENTATIONS = YES;
				CLANG_WARN_DIRECT_OBJC_ISA_USAGE = YES_ERROR;
				CLANG_WARN_DOCUMENTATION_COMMENTS = YES;
				CLANG_WARN_EMPTY_BODY = YES;
				CLANG_WARN_ENUM_CONVERSION = YES;
				CLANG_WARN_INFINITE_RECURSION = YES;
				CLANG_WARN_INT_CONVERSION = YES;
				CLANG_WARN_NON_LITERAL_NULL_CONVERSION = YES;
				CLANG_WARN_OBJC_IMPLICIT_RETAIN_SELF = YES;
				CLANG_WARN_OBJC_LITERAL_CONVERSION = YES;
				CLANG_WARN_OBJC_ROOT_CLASS = YES_ERROR;
				CLANG_WARN_QUOTED_INCLUDE_IN_FRAMEWORK_HEADER = YES;
				CLANG_WARN_RANGE_LOOP_ANALYSIS = YES;
				CLANG_WARN_STRICT_PROTOTYPES = YES;
				CLANG_WARN_SUSPICIOUS_MOVE = YES;
				CLANG_WARN_UNGUARDED_AVAILABILITY = YES_AGGRESSIVE;
				CLANG_WARN_UNREACHABLE_CODE = YES;
				CLANG_WARN__DUPLICATE_METHOD_MATCH = YES;
				COPY_PHASE_STRIP = NO;
				DEBUG_INFORMATION_FORMAT = dwarf;
				ENABLE_STRICT_OBJC_MSGSEND = YES;
				ENABLE_TESTABILITY = YES;
				ENABLE_USER_SCRIPT_SANDBOXING = YES;
				GCC_C_LANGUAGE_STANDARD = gnu17;
				GCC_DYNAMIC_NO_PIC = NO;
				GCC_NO_COMMON_BLOCKS = YES;
				GCC_OPTIMIZATION_LEVEL = 0;
				GCC_PREPROCESSOR_DEFINITIONS = (
					"DEBUG=1",
					"$(inherited)",
				);
				GCC_WARN_64_TO_32_BIT_CONVERSION = YES;
				GCC_WARN_ABOUT_RETURN_TYPE = YES_ERROR;
				GCC_WARN_UNDECLARED_SELECTOR = YES;
				GCC_WARN_UNINITIALIZED_AUTOS = YES_AGGRESSIVE;
				GCC_WARN_UNUSED_FUNCTION = YES;
				GCC_WARN_UNUSED_VARIABLE = YES;
				IPHONEOS_DEPLOYMENT_TARGET = 17.2;
				LOCALIZATION_PREFERS_STRING_CATALOGS = YES;
				MTL_ENABLE_DEBUG_INFO = INCLUDE_SOURCE;
				MTL_FAST_MATH = YES;
				ONLY_ACTIVE_ARCH = YES;
				SDKROOT = iphoneos;
				SWIFT_ACTIVE_COMPILATION_CONDITIONS = "DEBUG $(inherited)";
				SWIFT_OPTIMIZATION_LEVEL = "-Onone";
			};
			name = Debug;
		};
		CEF5B7012B2CF5A00045DA79 /* Release */ = {
			isa = XCBuildConfiguration;
			buildSettings = {
				ALWAYS_SEARCH_USER_PATHS = NO;
				ASSETCATALOG_COMPILER_GENERATE_SWIFT_ASSET_SYMBOL_EXTENSIONS = YES;
				CLANG_ANALYZER_NONNULL = YES;
				CLANG_ANALYZER_NUMBER_OBJECT_CONVERSION = YES_AGGRESSIVE;
				CLANG_CXX_LANGUAGE_STANDARD = "gnu++20";
				CLANG_ENABLE_MODULES = YES;
				CLANG_ENABLE_OBJC_ARC = YES;
				CLANG_ENABLE_OBJC_WEAK = YES;
				CLANG_WARN_BLOCK_CAPTURE_AUTORELEASING = YES;
				CLANG_WARN_BOOL_CONVERSION = YES;
				CLANG_WARN_COMMA = YES;
				CLANG_WARN_CONSTANT_CONVERSION = YES;
				CLANG_WARN_DEPRECATED_OBJC_IMPLEMENTATIONS = YES;
				CLANG_WARN_DIRECT_OBJC_ISA_USAGE = YES_ERROR;
				CLANG_WARN_DOCUMENTATION_COMMENTS = YES;
				CLANG_WARN_EMPTY_BODY = YES;
				CLANG_WARN_ENUM_CONVERSION = YES;
				CLANG_WARN_INFINITE_RECURSION = YES;
				CLANG_WARN_INT_CONVERSION = YES;
				CLANG_WARN_NON_LITERAL_NULL_CONVERSION = YES;
				CLANG_WARN_OBJC_IMPLICIT_RETAIN_SELF = YES;
				CLANG_WARN_OBJC_LITERAL_CONVERSION = YES;
				CLANG_WARN_OBJC_ROOT_CLASS = YES_ERROR;
				CLANG_WARN_QUOTED_INCLUDE_IN_FRAMEWORK_HEADER = YES;
				CLANG_WARN_RANGE_LOOP_ANALYSIS = YES;
				CLANG_WARN_STRICT_PROTOTYPES = YES;
				CLANG_WARN_SUSPICIOUS_MOVE = YES;
				CLANG_WARN_UNGUARDED_AVAILABILITY = YES_AGGRESSIVE;
				CLANG_WARN_UNREACHABLE_CODE = YES;
				CLANG_WARN__DUPLICATE_METHOD_MATCH = YES;
				COPY_PHASE_STRIP = NO;
				DEBUG_INFORMATION_FORMAT = "dwarf-with-dsym";
				ENABLE_NS_ASSERTIONS = NO;
				ENABLE_STRICT_OBJC_MSGSEND = YES;
				ENABLE_USER_SCRIPT_SANDBOXING = YES;
				GCC_C_LANGUAGE_STANDARD = gnu17;
				GCC_NO_COMMON_BLOCKS = YES;
				GCC_WARN_64_TO_32_BIT_CONVERSION = YES;
				GCC_WARN_ABOUT_RETURN_TYPE = YES_ERROR;
				GCC_WARN_UNDECLARED_SELECTOR = YES;
				GCC_WARN_UNINITIALIZED_AUTOS = YES_AGGRESSIVE;
				GCC_WARN_UNUSED_FUNCTION = YES;
				GCC_WARN_UNUSED_VARIABLE = YES;
				IPHONEOS_DEPLOYMENT_TARGET = 17.2;
				LOCALIZATION_PREFERS_STRING_CATALOGS = YES;
				MTL_ENABLE_DEBUG_INFO = NO;
				MTL_FAST_MATH = YES;
				SDKROOT = iphoneos;
				SWIFT_COMPILATION_MODE = wholemodule;
				VALIDATE_PRODUCT = YES;
			};
			name = Release;
		};
		CEF5B7032B2CF5A00045DA79 /* Debug */ = {
			isa = XCBuildConfiguration;
			buildSettings = {
				ASSETCATALOG_COMPILER_APPICON_NAME = AppIcon;
				ASSETCATALOG_COMPILER_GLOBAL_ACCENT_COLOR_NAME = AccentColor;
				CODE_SIGN_STYLE = Automatic;
				CURRENT_PROJECT_VERSION = 1;
				DEVELOPMENT_ASSET_PATHS = "\"Caravan/Preview Content\"";
				DEVELOPMENT_TEAM = 8VWXL68TT2;
				ENABLE_PREVIEWS = YES;
				GENERATE_INFOPLIST_FILE = YES;
				INFOPLIST_FILE = Caravan/Info.plist;
				INFOPLIST_KEY_NSLocationAlwaysAndWhenInUseUsageDescription = "Allow us to use location.";
				INFOPLIST_KEY_NSLocationWhenInUseUsageDescription = "Must Use location";
				INFOPLIST_KEY_UIApplicationSceneManifest_Generation = YES;
				INFOPLIST_KEY_UIApplicationSupportsIndirectInputEvents = YES;
				INFOPLIST_KEY_UILaunchScreen_Generation = YES;
				INFOPLIST_KEY_UISupportedInterfaceOrientations = UIInterfaceOrientationPortrait;
				INFOPLIST_KEY_UISupportedInterfaceOrientations_iPad = "UIInterfaceOrientationLandscapeLeft UIInterfaceOrientationLandscapeRight UIInterfaceOrientationPortrait";
				IPHONEOS_DEPLOYMENT_TARGET = 17.6;
				LD_RUNPATH_SEARCH_PATHS = (
					"$(inherited)",
					"@executable_path/Frameworks",
				);
				MARKETING_VERSION = 1.0;
				"OTHER_LDFLAGS[arch=*]" = "-ObjC";
				PRODUCT_BUNDLE_IDENTIFIER = masongill.Caravan;
				PRODUCT_NAME = "$(TARGET_NAME)";
				SWIFT_EMIT_LOC_STRINGS = YES;
				SWIFT_VERSION = 5.0;
				TARGETED_DEVICE_FAMILY = "1,2";
			};
			name = Debug;
		};
		CEF5B7042B2CF5A00045DA79 /* Release */ = {
			isa = XCBuildConfiguration;
			buildSettings = {
				ASSETCATALOG_COMPILER_APPICON_NAME = AppIcon;
				ASSETCATALOG_COMPILER_GLOBAL_ACCENT_COLOR_NAME = AccentColor;
				CODE_SIGN_STYLE = Automatic;
				CURRENT_PROJECT_VERSION = 1;
				DEVELOPMENT_ASSET_PATHS = "\"Caravan/Preview Content\"";
				DEVELOPMENT_TEAM = 8VWXL68TT2;
				ENABLE_PREVIEWS = YES;
				GENERATE_INFOPLIST_FILE = YES;
				INFOPLIST_FILE = Caravan/Info.plist;
				INFOPLIST_KEY_NSLocationAlwaysAndWhenInUseUsageDescription = "Allow us to use location.";
				INFOPLIST_KEY_NSLocationWhenInUseUsageDescription = "Must Use location";
				INFOPLIST_KEY_UIApplicationSceneManifest_Generation = YES;
				INFOPLIST_KEY_UIApplicationSupportsIndirectInputEvents = YES;
				INFOPLIST_KEY_UILaunchScreen_Generation = YES;
				INFOPLIST_KEY_UISupportedInterfaceOrientations = UIInterfaceOrientationPortrait;
				INFOPLIST_KEY_UISupportedInterfaceOrientations_iPad = "UIInterfaceOrientationLandscapeLeft UIInterfaceOrientationLandscapeRight UIInterfaceOrientationPortrait";
				IPHONEOS_DEPLOYMENT_TARGET = 17.6;
				LD_RUNPATH_SEARCH_PATHS = (
					"$(inherited)",
					"@executable_path/Frameworks",
				);
				MARKETING_VERSION = 1.0;
				"OTHER_LDFLAGS[arch=*]" = "-ObjC";
				PRODUCT_BUNDLE_IDENTIFIER = masongill.Caravan;
				PRODUCT_NAME = "$(TARGET_NAME)";
				SWIFT_EMIT_LOC_STRINGS = YES;
				SWIFT_VERSION = 5.0;
				TARGETED_DEVICE_FAMILY = "1,2";
			};
			name = Release;
		};
/* End XCBuildConfiguration section */

/* Begin XCConfigurationList section */
		CEF5B6EF2B2CF59F0045DA79 /* Build configuration list for PBXProject "Caravan" */ = {
			isa = XCConfigurationList;
			buildConfigurations = (
				CEF5B7002B2CF5A00045DA79 /* Debug */,
				CEF5B7012B2CF5A00045DA79 /* Release */,
			);
			defaultConfigurationIsVisible = 0;
			defaultConfigurationName = Release;
		};
		CEF5B7022B2CF5A00045DA79 /* Build configuration list for PBXNativeTarget "Caravan" */ = {
			isa = XCConfigurationList;
			buildConfigurations = (
				CEF5B7032B2CF5A00045DA79 /* Debug */,
				CEF5B7042B2CF5A00045DA79 /* Release */,
			);
			defaultConfigurationIsVisible = 0;
			defaultConfigurationName = Release;
		};
/* End XCConfigurationList section */

/* Begin XCRemoteSwiftPackageReference section */
		CE57FA7C2C5EAD6B003E397B /* XCRemoteSwiftPackageReference "firebase-ios-sdk" */ = {
			isa = XCRemoteSwiftPackageReference;
			repositoryURL = "https://github.com/firebase/firebase-ios-sdk";
			requirement = {
				kind = upToNextMajorVersion;
				minimumVersion = 11.0.0;
			};
		};
		CE57FA812C61A551003E397B /* XCRemoteSwiftPackageReference "firebase-ios-sdk" */ = {
			isa = XCRemoteSwiftPackageReference;
			repositoryURL = "https://github.com/firebase/firebase-ios-sdk.git";
			requirement = {
				kind = upToNextMajorVersion;
				minimumVersion = 11.0.0;
			};
		};
/* End XCRemoteSwiftPackageReference section */

/* Begin XCSwiftPackageProductDependency section */
		CE57FA7D2C5EAD6B003E397B /* FirebaseAuth */ = {
			isa = XCSwiftPackageProductDependency;
			package = CE57FA7C2C5EAD6B003E397B /* XCRemoteSwiftPackageReference "firebase-ios-sdk" */;
			productName = FirebaseAuth;
		};
		CE57FA7F2C5EAD6B003E397B /* FirebaseDatabase */ = {
			isa = XCSwiftPackageProductDependency;
			package = CE57FA7C2C5EAD6B003E397B /* XCRemoteSwiftPackageReference "firebase-ios-sdk" */;
			productName = FirebaseDatabase;
		};
		CE57FA822C61A551003E397B /* FirebaseDatabase */ = {
			isa = XCSwiftPackageProductDependency;
			package = CE57FA812C61A551003E397B /* XCRemoteSwiftPackageReference "firebase-ios-sdk" */;
			productName = FirebaseDatabase;
		};
/* End XCSwiftPackageProductDependency section */
	};
	rootObject = CEF5B6EC2B2CF59F0045DA79 /* Project object */;
}
